// !$*UTF8*$!
{
	archiveVersion = 1;
	classes = {
	};
	objectVersion = 50;
	objects = {

/* Begin PBXBuildFile section */
		EBAFD56323E0B14D00D911D3 /* AppDelegate.swift in Sources */ = {isa = PBXBuildFile; fileRef = EBAFD56223E0B14D00D911D3 /* AppDelegate.swift */; };
		EBAFD56523E0B14D00D911D3 /* SceneDelegate.swift in Sources */ = {isa = PBXBuildFile; fileRef = EBAFD56423E0B14D00D911D3 /* SceneDelegate.swift */; };
		EBAFD56723E0B14D00D911D3 /* ViewController.swift in Sources */ = {isa = PBXBuildFile; fileRef = EBAFD56623E0B14D00D911D3 /* ViewController.swift */; };
		EBAFD56A23E0B14D00D911D3 /* Main.storyboard in Resources */ = {isa = PBXBuildFile; fileRef = EBAFD56823E0B14D00D911D3 /* Main.storyboard */; };
		EBAFD56C23E0B14E00D911D3 /* Assets.xcassets in Resources */ = {isa = PBXBuildFile; fileRef = EBAFD56B23E0B14E00D911D3 /* Assets.xcassets */; };
		EBAFD56F23E0B14F00D911D3 /* LaunchScreen.storyboard in Resources */ = {isa = PBXBuildFile; fileRef = EBAFD56D23E0B14F00D911D3 /* LaunchScreen.storyboard */; };
		EBAFD57723E0B17D00D911D3 /* BerandaViewController.swift in Sources */ = {isa = PBXBuildFile; fileRef = EBAFD57623E0B17D00D911D3 /* BerandaViewController.swift */; };
/* End PBXBuildFile section */

/* Begin PBXFileReference section */
		EBAFD55F23E0B14D00D911D3 /* iOS App.app */ = {isa = PBXFileReference; explicitFileType = wrapper.application; includeInIndex = 0; path = "iOS App.app"; sourceTree = BUILT_PRODUCTS_DIR; };
		EBAFD56223E0B14D00D911D3 /* AppDelegate.swift */ = {isa = PBXFileReference; lastKnownFileType = sourcecode.swift; path = AppDelegate.swift; sourceTree = "<group>"; };
		EBAFD56423E0B14D00D911D3 /* SceneDelegate.swift */ = {isa = PBXFileReference; lastKnownFileType = sourcecode.swift; path = SceneDelegate.swift; sourceTree = "<group>"; };
		EBAFD56623E0B14D00D911D3 /* ViewController.swift */ = {isa = PBXFileReference; lastKnownFileType = sourcecode.swift; path = ViewController.swift; sourceTree = "<group>"; };
		EBAFD56923E0B14D00D911D3 /* Base */ = {isa = PBXFileReference; lastKnownFileType = file.storyboard; name = Base; path = Base.lproj/Main.storyboard; sourceTree = "<group>"; };
		EBAFD56B23E0B14E00D911D3 /* Assets.xcassets */ = {isa = PBXFileReference; lastKnownFileType = folder.assetcatalog; path = Assets.xcassets; sourceTree = "<group>"; };
		EBAFD56E23E0B14F00D911D3 /* Base */ = {isa = PBXFileReference; lastKnownFileType = file.storyboard; name = Base; path = Base.lproj/LaunchScreen.storyboard; sourceTree = "<group>"; };
		EBAFD57023E0B14F00D911D3 /* Info.plist */ = {isa = PBXFileReference; lastKnownFileType = text.plist.xml; path = Info.plist; sourceTree = "<group>"; };
		EBAFD57623E0B17D00D911D3 /* BerandaViewController.swift */ = {isa = PBXFileReference; lastKnownFileType = sourcecode.swift; path = BerandaViewController.swift; sourceTree = "<group>"; };
/* End PBXFileReference section */

/* Begin PBXFrameworksBuildPhase section */
		EBAFD55C23E0B14D00D911D3 /* Frameworks */ = {
			isa = PBXFrameworksBuildPhase;
			buildActionMask = 2147483647;
			files = (
			);
			runOnlyForDeploymentPostprocessing = 0;
		};
/* End PBXFrameworksBuildPhase section */

/* Begin PBXGroup section */
		EBAFD55623E0B14D00D911D3 = {
			isa = PBXGroup;
			children = (
				EBAFD56123E0B14D00D911D3 /* iOS App */,
				EBAFD56023E0B14D00D911D3 /* Products */,
			);
			sourceTree = "<group>";
		};
		EBAFD56023E0B14D00D911D3 /* Products */ = {
			isa = PBXGroup;
			children = (
				EBAFD55F23E0B14D00D911D3 /* iOS App.app */,
			);
			name = Products;
			sourceTree = "<group>";
		};
		EBAFD56123E0B14D00D911D3 /* iOS App */ = {
			isa = PBXGroup;
			children = (
				EBAFD56223E0B14D00D911D3 /* AppDelegate.swift */,
				EBAFD56423E0B14D00D911D3 /* SceneDelegate.swift */,
				EBAFD56623E0B14D00D911D3 /* ViewController.swift */,
				EBAFD56823E0B14D00D911D3 /* Main.storyboard */,
				EBAFD56B23E0B14E00D911D3 /* Assets.xcassets */,
				EBAFD56D23E0B14F00D911D3 /* LaunchScreen.storyboard */,
				EBAFD57023E0B14F00D911D3 /* Info.plist */,
				EBAFD57623E0B17D00D911D3 /* BerandaViewController.swift */,
			);
			path = "iOS App";
			sourceTree = "<group>";
		};
/* End PBXGroup section */

/* Begin PBXNativeTarget section */
		EBAFD55E23E0B14D00D911D3 /* iOS App */ = {
			isa = PBXNativeTarget;
			buildConfigurationList = EBAFD57323E0B14F00D911D3 /* Build configuration list for PBXNativeTarget "iOS App" */;
			buildPhases = (
				EBAFD55B23E0B14D00D911D3 /* Sources */,
				EBAFD55C23E0B14D00D911D3 /* Frameworks */,
				EBAFD55D23E0B14D00D911D3 /* Resources */,
			);
			buildRules = (
			);
			dependencies = (
			);
			name = "iOS App";
			productName = "iOS App";
			productReference = EBAFD55F23E0B14D00D911D3 /* iOS App.app */;
			productType = "com.apple.product-type.application";
		};
/* End PBXNativeTarget section */

/* Begin PBXProject section */
		EBAFD55723E0B14D00D911D3 /* Project object */ = {
			isa = PBXProject;
			attributes = {
				LastSwiftUpdateCheck = 1130;
				LastUpgradeCheck = 1130;
				ORGANIZATIONNAME = "Lut Dinar Fadila";
				TargetAttributes = {
					EBAFD55E23E0B14D00D911D3 = {
						CreatedOnToolsVersion = 11.3;
					};
				};
			};
			buildConfigurationList = EBAFD55A23E0B14D00D911D3 /* Build configuration list for PBXProject "iOS App" */;
			compatibilityVersion = "Xcode 9.3";
			developmentRegion = en;
			hasScannedForEncodings = 0;
			knownRegions = (
				en,
				Base,
			);
			mainGroup = EBAFD55623E0B14D00D911D3;
			productRefGroup = EBAFD56023E0B14D00D911D3 /* Products */;
			projectDirPath = "";
			projectRoot = "";
			targets = (
				EBAFD55E23E0B14D00D911D3 /* iOS App */,
			);
		};
/* End PBXProject section */

/* Begin PBXResourcesBuildPhase section */
		EBAFD55D23E0B14D00D911D3 /* Resources */ = {
			isa = PBXResourcesBuildPhase;
			buildActionMask = 2147483647;
			files = (
				EBAFD56F23E0B14F00D911D3 /* LaunchScreen.storyboard in Resources */,
				EBAFD56C23E0B14E00D911D3 /* Assets.xcassets in Resources */,
				EBAFD56A23E0B14D00D911D3 /* Main.storyboard in Resources */,
			);
			runOnlyForDeploymentPostprocessing = 0;
		};
/* End PBXResourcesBuildPhase section */

/* Begin PBXSourcesBuildPhase section */
		EBAFD55B23E0B14D00D911D3 /* Sources */ = {
			isa = PBXSourcesBuildPhase;
			buildActionMask = 2147483647;
			files = (
				EBAFD56723E0B14D00D911D3 /* ViewController.swift in Sources */,
				EBAFD56323E0B14D00D911D3 /* AppDelegate.swift in Sources */,
				EBAFD57723E0B17D00D911D3 /* BerandaViewController.swift in Sources */,
				EBAFD56523E0B14D00D911D3 /* SceneDelegate.swift in Sources */,
			);
			runOnlyForDeploymentPostprocessing = 0;
		};
/* End PBXSourcesBuildPhase section */

/* Begin PBXVariantGroup section */
		EBAFD56823E0B14D00D911D3 /* Main.storyboard */ = {
			isa = PBXVariantGroup;
			children = (
				EBAFD56923E0B14D00D911D3 /* Base */,
			);
			name = Main.storyboard;
			sourceTree = "<group>";
		};
		EBAFD56D23E0B14F00D911D3 /* LaunchScreen.storyboard */ = {
			isa = PBXVariantGroup;
			children = (
				EBAFD56E23E0B14F00D911D3 /* Base */,
			);
			name = LaunchScreen.storyboard;
			sourceTree = "<group>";
		};
/* End PBXVariantGroup section */

/* Begin XCBuildConfiguration section */
		EBAFD57123E0B14F00D911D3 /* Debug */ = {
			isa = XCBuildConfiguration;
			buildSettings = {
				ALWAYS_SEARCH_USER_PATHS = NO;
				CLANG_ANALYZER_NONNULL = YES;
				CLANG_ANALYZER_NUMBER_OBJECT_CONVERSION = YES_AGGRESSIVE;
				CLANG_CXX_LANGUAGE_STANDARD = "gnu++14";
				CLANG_CXX_LIBRARY = "libc++";
				CLANG_ENABLE_MODULES = YES;
				CLANG_ENABLE_OBJC_ARC = YES;
				CLANG_ENABLE_OBJC_WEAK = YES;
				CLANG_WARN_BLOCK_CAPTURE_AUTORELEASING = YES;
				CLANG_WARN_BOOL_CONVERSION = YES;
				CLANG_WARN_COMMA = YES;
				CLANG_WARN_CONSTANT_CONVERSION = YES;
				CLANG_WARN_DEPRECATED_OBJC_IMPLEMENTATIONS = YES;
				CLANG_WARN_DIRECT_OBJC_ISA_USAGE = YES_ERROR;
				CLANG_WARN_DOCUMENTATION_COMMENTS = YES;
				CLANG_WARN_EMPTY_BODY = YES;
				CLANG_WARN_ENUM_CONVERSION = YES;
				CLANG_WARN_INFINITE_RECURSION = YES;
				CLANG_WARN_INT_CONVERSION = YES;
				CLANG_WARN_NON_LITERAL_NULL_CONVERSION = YES;
				CLANG_WARN_OBJC_IMPLICIT_RETAIN_SELF = YES;
				CLANG_WARN_OBJC_LITERAL_CONVERSION = YES;
				CLANG_WARN_OBJC_ROOT_CLASS = YES_ERROR;
				CLANG_WARN_RANGE_LOOP_ANALYSIS = YES;
				CLANG_WARN_STRICT_PROTOTYPES = YES;
				CLANG_WARN_SUSPICIOUS_MOVE = YES;
				CLANG_WARN_UNGUARDED_AVAILABILITY = YES_AGGRESSIVE;
				CLANG_WARN_UNREACHABLE_CODE = YES;
				CLANG_WARN__DUPLICATE_METHOD_MATCH = YES;
				COPY_PHASE_STRIP = NO;
				DEBUG_INFORMATION_FORMAT = dwarf;
				ENABLE_STRICT_OBJC_MSGSEND = YES;
				ENABLE_TESTABILITY = YES;
				GCC_C_LANGUAGE_STANDARD = gnu11;
				GCC_DYNAMIC_NO_PIC = NO;
				GCC_NO_COMMON_BLOCKS = YES;
				GCC_OPTIMIZATION_LEVEL = 0;
				GCC_PREPROCESSOR_DEFINITIONS = (
					"DEBUG=1",
					"$(inherited)",
				);
				GCC_WARN_64_TO_32_BIT_CONVERSION = YES;
				GCC_WARN_ABOUT_RETURN_TYPE = YES_ERROR;
				GCC_WARN_UNDECLARED_SELECTOR = YES;
				GCC_WARN_UNINITIALIZED_AUTOS = YES_AGGRESSIVE;
				GCC_WARN_UNUSED_FUNCTION = YES;
				GCC_WARN_UNUSED_VARIABLE = YES;
				IPHONEOS_DEPLOYMENT_TARGET = 13.2;
				MTL_ENABLE_DEBUG_INFO = INCLUDE_SOURCE;
				MTL_FAST_MATH = YES;
				ONLY_ACTIVE_ARCH = YES;
				SDKROOT = iphoneos;
				SWIFT_ACTIVE_COMPILATION_CONDITIONS = DEBUG;
				SWIFT_OPTIMIZATION_LEVEL = "-Onone";
			};
			name = Debug;
		};
		EBAFD57223E0B14F00D911D3 /* Release */ = {
			isa = XCBuildConfiguration;
			buildSettings = {
				ALWAYS_SEARCH_USER_PATHS = NO;
				CLANG_ANALYZER_NONNULL = YES;
				CLANG_ANALYZER_NUMBER_OBJECT_CONVERSION = YES_AGGRESSIVE;
				CLANG_CXX_LANGUAGE_STANDARD = "gnu++14";
				CLANG_CXX_LIBRARY = "libc++";
				CLANG_ENABLE_MODULES = YES;
				CLANG_ENABLE_OBJC_ARC = YES;
				CLANG_ENABLE_OBJC_WEAK = YES;
				CLANG_WARN_BLOCK_CAPTURE_AUTORELEASING = YES;
				CLANG_WARN_BOOL_CONVERSION = YES;
				CLANG_WARN_COMMA = YES;
				CLANG_WARN_CONSTANT_CONVERSION = YES;
				CLANG_WARN_DEPRECATED_OBJC_IMPLEMENTATIONS = YES;
				CLANG_WARN_DIRECT_OBJC_ISA_USAGE = YES_ERROR;
				CLANG_WARN_DOCUMENTATION_COMMENTS = YES;
				CLANG_WARN_EMPTY_BODY = YES;
				CLANG_WARN_ENUM_CONVERSION = YES;
				CLANG_WARN_INFINITE_RECURSION = YES;
				CLANG_WARN_INT_CONVERSION = YES;
				CLANG_WARN_NON_LITERAL_NULL_CONVERSION = YES;
				CLANG_WARN_OBJC_IMPLICIT_RETAIN_SELF = YES;
				CLANG_WARN_OBJC_LITERAL_CONVERSION = YES;
				CLANG_WARN_OBJC_ROOT_CLASS = YES_ERROR;
				CLANG_WARN_RANGE_LOOP_ANALYSIS = YES;
				CLANG_WARN_STRICT_PROTOTYPES = YES;
				CLANG_WARN_SUSPICIOUS_MOVE = YES;
				CLANG_WARN_UNGUARDED_AVAILABILITY = YES_AGGRESSIVE;
				CLANG_WARN_UNREACHABLE_CODE = YES;
				CLANG_WARN__DUPLICATE_METHOD_MATCH = YES;
				COPY_PHASE_STRIP = NO;
				DEBUG_INFORMATION_FORMAT = "dwarf-with-dsym";
				ENABLE_NS_ASSERTIONS = NO;
				ENABLE_STRICT_OBJC_MSGSEND = YES;
				GCC_C_LANGUAGE_STANDARD = gnu11;
				GCC_NO_COMMON_BLOCKS = YES;
				GCC_WARN_64_TO_32_BIT_CONVERSION = YES;
				GCC_WARN_ABOUT_RETURN_TYPE = YES_ERROR;
				GCC_WARN_UNDECLARED_SELECTOR = YES;
				GCC_WARN_UNINITIALIZED_AUTOS = YES_AGGRESSIVE;
				GCC_WARN_UNUSED_FUNCTION = YES;
				GCC_WARN_UNUSED_VARIABLE = YES;
				IPHONEOS_DEPLOYMENT_TARGET = 13.2;
				MTL_ENABLE_DEBUG_INFO = NO;
				MTL_FAST_MATH = YES;
				SDKROOT = iphoneos;
				SWIFT_COMPILATION_MODE = wholemodule;
				SWIFT_OPTIMIZATION_LEVEL = "-O";
				VALIDATE_PRODUCT = YES;
			};
			name = Release;
		};
		EBAFD57423E0B14F00D911D3 /* Debug */ = {
			isa = XCBuildConfiguration;
			buildSettings = {
				ASSETCATALOG_COMPILER_APPICON_NAME = AppIcon;
				CODE_SIGN_STYLE = Automatic;
				DEVELOPMENT_TEAM = 8876A5MGCU;
				INFOPLIST_FILE = "iOS App/Info.plist";
				LD_RUNPATH_SEARCH_PATHS = (
					"$(inherited)",
					"@executable_path/Frameworks",
				);
				PRODUCT_BUNDLE_IDENTIFIER = "com.lutdinar.iOS-App";
				PRODUCT_NAME = "$(TARGET_NAME)";
				SWIFT_VERSION = 5.0;
				TARGETED_DEVICE_FAMILY = "1,2";
			};
			name = Debug;
		};
		EBAFD57523E0B14F00D911D3 /* Release */ = {
			isa = XCBuildConfiguration;
			buildSettings = {
				ASSETCATALOG_COMPILER_APPICON_NAME = AppIcon;
				CODE_SIGN_STYLE = Automatic;
				DEVELOPMENT_TEAM = 8876A5MGCU;
				INFOPLIST_FILE = "iOS App/Info.plist";
				LD_RUNPATH_SEARCH_PATHS = (
					"$(inherited)",
					"@executable_path/Frameworks",
				);
				PRODUCT_BUNDLE_IDENTIFIER = "com.lutdinar.iOS-App";
				PRODUCT_NAME = "$(TARGET_NAME)";
				SWIFT_VERSION = 5.0;
				TARGETED_DEVICE_FAMILY = "1,2";
			};
			name = Release;
		};
/* End XCBuildConfiguration section */

/* Begin XCConfigurationList section */
		EBAFD55A23E0B14D00D911D3 /* Build configuration list for PBXProject "iOS App" */ = {
			isa = XCConfigurationList;
			buildConfigurations = (
				EBAFD57123E0B14F00D911D3 /* Debug */,
				EBAFD57223E0B14F00D911D3 /* Release */,
			);
			defaultConfigurationIsVisible = 0;
			defaultConfigurationName = Release;
		};
		EBAFD57323E0B14F00D911D3 /* Build configuration list for PBXNativeTarget "iOS App" */ = {
			isa = XCConfigurationList;
			buildConfigurations = (
				EBAFD57423E0B14F00D911D3 /* Debug */,
				EBAFD57523E0B14F00D911D3 /* Release */,
			);
			defaultConfigurationIsVisible = 0;
			defaultConfigurationName = Release;
		};
/* End XCConfigurationList section */
	};
	rootObject = EBAFD55723E0B14D00D911D3 /* Project object */;
}
